// !$*UTF8*$!
{
	archiveVersion = 1;
	classes = {
	};
	objectVersion = 50;
	objects = {

/* Begin PBXBuildFile section */
		5BEDF6A9229CC36200DB2AF0 /* AppDelegate.swift in Sources */ = {isa = PBXBuildFile; fileRef = 5BEDF6A8229CC36200DB2AF0 /* AppDelegate.swift */; };
		5BEDF6AB229CC36200DB2AF0 /* ViewController.swift in Sources */ = {isa = PBXBuildFile; fileRef = 5BEDF6AA229CC36200DB2AF0 /* ViewController.swift */; };
		5BEDF6AE229CC36200DB2AF0 /* Main.storyboard in Resources */ = {isa = PBXBuildFile; fileRef = 5BEDF6AC229CC36200DB2AF0 /* Main.storyboard */; };
		5BEDF6B0229CC36500DB2AF0 /* Assets.xcassets in Resources */ = {isa = PBXBuildFile; fileRef = 5BEDF6AF229CC36500DB2AF0 /* Assets.xcassets */; };
		5BEDF6B3229CC36500DB2AF0 /* LaunchScreen.storyboard in Resources */ = {isa = PBXBuildFile; fileRef = 5BEDF6B1229CC36500DB2AF0 /* LaunchScreen.storyboard */; };
		5BEDF6BE229CC36600DB2AF0 /* Integration_RulesTests.swift in Sources */ = {isa = PBXBuildFile; fileRef = 5BEDF6BD229CC36600DB2AF0 /* Integration_RulesTests.swift */; };
		5BEDF6C9229CC36600DB2AF0 /* Integration_RulesUITests.swift in Sources */ = {isa = PBXBuildFile; fileRef = 5BEDF6C8229CC36600DB2AF0 /* Integration_RulesUITests.swift */; };
/* End PBXBuildFile section */

/* Begin PBXContainerItemProxy section */
		5BEDF6BA229CC36600DB2AF0 /* PBXContainerItemProxy */ = {
			isa = PBXContainerItemProxy;
			containerPortal = 5BEDF69D229CC36200DB2AF0 /* Project object */;
			proxyType = 1;
			remoteGlobalIDString = 5BEDF6A4229CC36200DB2AF0;
			remoteInfo = "Integration Rules";
		};
		5BEDF6C5229CC36600DB2AF0 /* PBXContainerItemProxy */ = {
			isa = PBXContainerItemProxy;
			containerPortal = 5BEDF69D229CC36200DB2AF0 /* Project object */;
			proxyType = 1;
			remoteGlobalIDString = 5BEDF6A4229CC36200DB2AF0;
			remoteInfo = "Integration Rules";
		};
/* End PBXContainerItemProxy section */

/* Begin PBXFileReference section */
		5BEDF6A5229CC36200DB2AF0 /* Integration Rules.app */ = {isa = PBXFileReference; explicitFileType = wrapper.application; includeInIndex = 0; path = "Integration Rules.app"; sourceTree = BUILT_PRODUCTS_DIR; };
		5BEDF6A8229CC36200DB2AF0 /* AppDelegate.swift */ = {isa = PBXFileReference; lastKnownFileType = sourcecode.swift; path = AppDelegate.swift; sourceTree = "<group>"; };
		5BEDF6AA229CC36200DB2AF0 /* ViewController.swift */ = {isa = PBXFileReference; lastKnownFileType = sourcecode.swift; path = ViewController.swift; sourceTree = "<group>"; };
		5BEDF6AD229CC36200DB2AF0 /* Base */ = {isa = PBXFileReference; lastKnownFileType = file.storyboard; name = Base; path = Base.lproj/Main.storyboard; sourceTree = "<group>"; };
		5BEDF6AF229CC36500DB2AF0 /* Assets.xcassets */ = {isa = PBXFileReference; lastKnownFileType = folder.assetcatalog; path = Assets.xcassets; sourceTree = "<group>"; };
		5BEDF6B2229CC36500DB2AF0 /* Base */ = {isa = PBXFileReference; lastKnownFileType = file.storyboard; name = Base; path = Base.lproj/LaunchScreen.storyboard; sourceTree = "<group>"; };
		5BEDF6B4229CC36500DB2AF0 /* Info.plist */ = {isa = PBXFileReference; lastKnownFileType = text.plist.xml; path = Info.plist; sourceTree = "<group>"; };
		5BEDF6B9229CC36600DB2AF0 /* Integration RulesTests.xctest */ = {isa = PBXFileReference; explicitFileType = wrapper.cfbundle; includeInIndex = 0; path = "Integration RulesTests.xctest"; sourceTree = BUILT_PRODUCTS_DIR; };
		5BEDF6BD229CC36600DB2AF0 /* Integration_RulesTests.swift */ = {isa = PBXFileReference; lastKnownFileType = sourcecode.swift; path = Integration_RulesTests.swift; sourceTree = "<group>"; };
		5BEDF6BF229CC36600DB2AF0 /* Info.plist */ = {isa = PBXFileReference; lastKnownFileType = text.plist.xml; path = Info.plist; sourceTree = "<group>"; };
		5BEDF6C4229CC36600DB2AF0 /* Integration RulesUITests.xctest */ = {isa = PBXFileReference; explicitFileType = wrapper.cfbundle; includeInIndex = 0; path = "Integration RulesUITests.xctest"; sourceTree = BUILT_PRODUCTS_DIR; };
		5BEDF6C8229CC36600DB2AF0 /* Integration_RulesUITests.swift */ = {isa = PBXFileReference; lastKnownFileType = sourcecode.swift; path = Integration_RulesUITests.swift; sourceTree = "<group>"; };
		5BEDF6CA229CC36600DB2AF0 /* Info.plist */ = {isa = PBXFileReference; lastKnownFileType = text.plist.xml; path = Info.plist; sourceTree = "<group>"; };
/* End PBXFileReference section */

/* Begin PBXFrameworksBuildPhase section */
		5BEDF6A2229CC36200DB2AF0 /* Frameworks */ = {
			isa = PBXFrameworksBuildPhase;
			buildActionMask = 2147483647;
			files = (
			);
			runOnlyForDeploymentPostprocessing = 0;
		};
		5BEDF6B6229CC36600DB2AF0 /* Frameworks */ = {
			isa = PBXFrameworksBuildPhase;
			buildActionMask = 2147483647;
			files = (
			);
			runOnlyForDeploymentPostprocessing = 0;
		};
		5BEDF6C1229CC36600DB2AF0 /* Frameworks */ = {
			isa = PBXFrameworksBuildPhase;
			buildActionMask = 2147483647;
			files = (
			);
			runOnlyForDeploymentPostprocessing = 0;
		};
/* End PBXFrameworksBuildPhase section */

/* Begin PBXGroup section */
		5BEDF69C229CC36200DB2AF0 = {
			isa = PBXGroup;
			children = (
				5BEDF6A7229CC36200DB2AF0 /* Integration Rules */,
				5BEDF6BC229CC36600DB2AF0 /* Integration RulesTests */,
				5BEDF6C7229CC36600DB2AF0 /* Integration RulesUITests */,
				5BEDF6A6229CC36200DB2AF0 /* Products */,
			);
			sourceTree = "<group>";
		};
		5BEDF6A6229CC36200DB2AF0 /* Products */ = {
			isa = PBXGroup;
			children = (
				5BEDF6A5229CC36200DB2AF0 /* Integration Rules.app */,
				5BEDF6B9229CC36600DB2AF0 /* Integration RulesTests.xctest */,
				5BEDF6C4229CC36600DB2AF0 /* Integration RulesUITests.xctest */,
			);
			name = Products;
			sourceTree = "<group>";
		};
		5BEDF6A7229CC36200DB2AF0 /* Integration Rules */ = {
			isa = PBXGroup;
			children = (
				5BEDF6A8229CC36200DB2AF0 /* AppDelegate.swift */,
				5BEDF6AA229CC36200DB2AF0 /* ViewController.swift */,
				5BEDF6AC229CC36200DB2AF0 /* Main.storyboard */,
				5BEDF6AF229CC36500DB2AF0 /* Assets.xcassets */,
				5BEDF6B1229CC36500DB2AF0 /* LaunchScreen.storyboard */,
				5BEDF6B4229CC36500DB2AF0 /* Info.plist */,
			);
			path = "Integration Rules";
			sourceTree = "<group>";
		};
		5BEDF6BC229CC36600DB2AF0 /* Integration RulesTests */ = {
			isa = PBXGroup;
			children = (
				5BEDF6BD229CC36600DB2AF0 /* Integration_RulesTests.swift */,
				5BEDF6BF229CC36600DB2AF0 /* Info.plist */,
			);
			path = "Integration RulesTests";
			sourceTree = "<group>";
		};
		5BEDF6C7229CC36600DB2AF0 /* Integration RulesUITests */ = {
			isa = PBXGroup;
			children = (
				5BEDF6C8229CC36600DB2AF0 /* Integration_RulesUITests.swift */,
				5BEDF6CA229CC36600DB2AF0 /* Info.plist */,
			);
			path = "Integration RulesUITests";
			sourceTree = "<group>";
		};
/* End PBXGroup section */

/* Begin PBXNativeTarget section */
		5BEDF6A4229CC36200DB2AF0 /* Integration Rules */ = {
			isa = PBXNativeTarget;
			buildConfigurationList = 5BEDF6CD229CC36600DB2AF0 /* Build configuration list for PBXNativeTarget "Integration Rules" */;
			buildPhases = (
				5BEDF6A1229CC36200DB2AF0 /* Sources */,
				5BEDF6A2229CC36200DB2AF0 /* Frameworks */,
				5BEDF6A3229CC36200DB2AF0 /* Resources */,
			);
			buildRules = (
			);
			dependencies = (
			);
			name = "Integration Rules";
			productName = "Integration Rules";
			productReference = 5BEDF6A5229CC36200DB2AF0 /* Integration Rules.app */;
			productType = "com.apple.product-type.application";
		};
		5BEDF6B8229CC36600DB2AF0 /* Integration RulesTests */ = {
			isa = PBXNativeTarget;
			buildConfigurationList = 5BEDF6D0229CC36600DB2AF0 /* Build configuration list for PBXNativeTarget "Integration RulesTests" */;
			buildPhases = (
				5BEDF6B5229CC36600DB2AF0 /* Sources */,
				5BEDF6B6229CC36600DB2AF0 /* Frameworks */,
				5BEDF6B7229CC36600DB2AF0 /* Resources */,
			);
			buildRules = (
			);
			dependencies = (
				5BEDF6BB229CC36600DB2AF0 /* PBXTargetDependency */,
			);
			name = "Integration RulesTests";
			productName = "Integration RulesTests";
			productReference = 5BEDF6B9229CC36600DB2AF0 /* Integration RulesTests.xctest */;
			productType = "com.apple.product-type.bundle.unit-test";
		};
		5BEDF6C3229CC36600DB2AF0 /* Integration RulesUITests */ = {
			isa = PBXNativeTarget;
			buildConfigurationList = 5BEDF6D3229CC36600DB2AF0 /* Build configuration list for PBXNativeTarget "Integration RulesUITests" */;
			buildPhases = (
				5BEDF6C0229CC36600DB2AF0 /* Sources */,
				5BEDF6C1229CC36600DB2AF0 /* Frameworks */,
				5BEDF6C2229CC36600DB2AF0 /* Resources */,
			);
			buildRules = (
			);
			dependencies = (
				5BEDF6C6229CC36600DB2AF0 /* PBXTargetDependency */,
			);
			name = "Integration RulesUITests";
			productName = "Integration RulesUITests";
			productReference = 5BEDF6C4229CC36600DB2AF0 /* Integration RulesUITests.xctest */;
			productType = "com.apple.product-type.bundle.ui-testing";
		};
/* End PBXNativeTarget section */

/* Begin PBXProject section */
		5BEDF69D229CC36200DB2AF0 /* Project object */ = {
			isa = PBXProject;
			attributes = {
				LastSwiftUpdateCheck = 1010;
				LastUpgradeCheck = 1010;
				ORGANIZATIONNAME = "Rishi Anand";
				TargetAttributes = {
					5BEDF6A4229CC36200DB2AF0 = {
						CreatedOnToolsVersion = 10.1;
					};
					5BEDF6B8229CC36600DB2AF0 = {
						CreatedOnToolsVersion = 10.1;
						TestTargetID = 5BEDF6A4229CC36200DB2AF0;
					};
					5BEDF6C3229CC36600DB2AF0 = {
						CreatedOnToolsVersion = 10.1;
						TestTargetID = 5BEDF6A4229CC36200DB2AF0;
					};
				};
			};
			buildConfigurationList = 5BEDF6A0229CC36200DB2AF0 /* Build configuration list for PBXProject "Integration Rules" */;
			compatibilityVersion = "Xcode 9.3";
			developmentRegion = en;
			hasScannedForEncodings = 0;
			knownRegions = (
				en,
				Base,
			);
			mainGroup = 5BEDF69C229CC36200DB2AF0;
			productRefGroup = 5BEDF6A6229CC36200DB2AF0 /* Products */;
			projectDirPath = "";
			projectRoot = "";
			targets = (
				5BEDF6A4229CC36200DB2AF0 /* Integration Rules */,
				5BEDF6B8229CC36600DB2AF0 /* Integration RulesTests */,
				5BEDF6C3229CC36600DB2AF0 /* Integration RulesUITests */,
			);
		};
/* End PBXProject section */

/* Begin PBXResourcesBuildPhase section */
		5BEDF6A3229CC36200DB2AF0 /* Resources */ = {
			isa = PBXResourcesBuildPhase;
			buildActionMask = 2147483647;
			files = (
				5BEDF6B3229CC36500DB2AF0 /* LaunchScreen.storyboard in Resources */,
				5BEDF6B0229CC36500DB2AF0 /* Assets.xcassets in Resources */,
				5BEDF6AE229CC36200DB2AF0 /* Main.storyboard in Resources */,
			);
			runOnlyForDeploymentPostprocessing = 0;
		};
		5BEDF6B7229CC36600DB2AF0 /* Resources */ = {
			isa = PBXResourcesBuildPhase;
			buildActionMask = 2147483647;
			files = (
			);
			runOnlyForDeploymentPostprocessing = 0;
		};
		5BEDF6C2229CC36600DB2AF0 /* Resources */ = {
			isa = PBXResourcesBuildPhase;
			buildActionMask = 2147483647;
			files = (
			);
			runOnlyForDeploymentPostprocessing = 0;
		};
/* End PBXResourcesBuildPhase section */

/* Begin PBXSourcesBuildPhase section */
		5BEDF6A1229CC36200DB2AF0 /* Sources */ = {
			isa = PBXSourcesBuildPhase;
			buildActionMask = 2147483647;
			files = (
				5BEDF6AB229CC36200DB2AF0 /* ViewController.swift in Sources */,
				5BEDF6A9229CC36200DB2AF0 /* AppDelegate.swift in Sources */,
			);
			runOnlyForDeploymentPostprocessing = 0;
		};
		5BEDF6B5229CC36600DB2AF0 /* Sources */ = {
			isa = PBXSourcesBuildPhase;
			buildActionMask = 2147483647;
			files = (
				5BEDF6BE229CC36600DB2AF0 /* Integration_RulesTests.swift in Sources */,
			);
			runOnlyForDeploymentPostprocessing = 0;
		};
		5BEDF6C0229CC36600DB2AF0 /* Sources */ = {
			isa = PBXSourcesBuildPhase;
			buildActionMask = 2147483647;
			files = (
				5BEDF6C9229CC36600DB2AF0 /* Integration_RulesUITests.swift in Sources */,
			);
			runOnlyForDeploymentPostprocessing = 0;
		};
/* End PBXSourcesBuildPhase section */

/* Begin PBXTargetDependency section */
		5BEDF6BB229CC36600DB2AF0 /* PBXTargetDependency */ = {
			isa = PBXTargetDependency;
			target = 5BEDF6A4229CC36200DB2AF0 /* Integration Rules */;
			targetProxy = 5BEDF6BA229CC36600DB2AF0 /* PBXContainerItemProxy */;
		};
		5BEDF6C6229CC36600DB2AF0 /* PBXTargetDependency */ = {
			isa = PBXTargetDependency;
			target = 5BEDF6A4229CC36200DB2AF0 /* Integration Rules */;
			targetProxy = 5BEDF6C5229CC36600DB2AF0 /* PBXContainerItemProxy */;
		};
/* End PBXTargetDependency section */

/* Begin PBXVariantGroup section */
		5BEDF6AC229CC36200DB2AF0 /* Main.storyboard */ = {
			isa = PBXVariantGroup;
			children = (
				5BEDF6AD229CC36200DB2AF0 /* Base */,
			);
			name = Main.storyboard;
			sourceTree = "<group>";
		};
		5BEDF6B1229CC36500DB2AF0 /* LaunchScreen.storyboard */ = {
			isa = PBXVariantGroup;
			children = (
				5BEDF6B2229CC36500DB2AF0 /* Base */,
			);
			name = LaunchScreen.storyboard;
			sourceTree = "<group>";
		};
/* End PBXVariantGroup section */

/* Begin XCBuildConfiguration section */
		5BEDF6CB229CC36600DB2AF0 /* Debug */ = {
			isa = XCBuildConfiguration;
			buildSettings = {
				ALWAYS_SEARCH_USER_PATHS = NO;
				CLANG_ANALYZER_NONNULL = YES;
				CLANG_ANALYZER_NUMBER_OBJECT_CONVERSION = YES_AGGRESSIVE;
				CLANG_CXX_LANGUAGE_STANDARD = "gnu++14";
				CLANG_CXX_LIBRARY = "libc++";
				CLANG_ENABLE_MODULES = YES;
				CLANG_ENABLE_OBJC_ARC = YES;
				CLANG_ENABLE_OBJC_WEAK = YES;
				CLANG_WARN_BLOCK_CAPTURE_AUTORELEASING = YES;
				CLANG_WARN_BOOL_CONVERSION = YES;
				CLANG_WARN_COMMA = YES;
				CLANG_WARN_CONSTANT_CONVERSION = YES;
				CLANG_WARN_DEPRECATED_OBJC_IMPLEMENTATIONS = YES;
				CLANG_WARN_DIRECT_OBJC_ISA_USAGE = YES_ERROR;
				CLANG_WARN_DOCUMENTATION_COMMENTS = YES;
				CLANG_WARN_EMPTY_BODY = YES;
				CLANG_WARN_ENUM_CONVERSION = YES;
				CLANG_WARN_INFINITE_RECURSION = YES;
				CLANG_WARN_INT_CONVERSION = YES;
				CLANG_WARN_NON_LITERAL_NULL_CONVERSION = YES;
				CLANG_WARN_OBJC_IMPLICIT_RETAIN_SELF = YES;
				CLANG_WARN_OBJC_LITERAL_CONVERSION = YES;
				CLANG_WARN_OBJC_ROOT_CLASS = YES_ERROR;
				CLANG_WARN_RANGE_LOOP_ANALYSIS = YES;
				CLANG_WARN_STRICT_PROTOTYPES = YES;
				CLANG_WARN_SUSPICIOUS_MOVE = YES;
				CLANG_WARN_UNGUARDED_AVAILABILITY = YES_AGGRESSIVE;
				CLANG_WARN_UNREACHABLE_CODE = YES;
				CLANG_WARN__DUPLICATE_METHOD_MATCH = YES;
				CODE_SIGN_IDENTITY = "iPhone Developer";
				COPY_PHASE_STRIP = NO;
				DEBUG_INFORMATION_FORMAT = dwarf;
				ENABLE_STRICT_OBJC_MSGSEND = YES;
				ENABLE_TESTABILITY = YES;
				GCC_C_LANGUAGE_STANDARD = gnu11;
				GCC_DYNAMIC_NO_PIC = NO;
				GCC_NO_COMMON_BLOCKS = YES;
				GCC_OPTIMIZATION_LEVEL = 0;
				GCC_PREPROCESSOR_DEFINITIONS = (
					"DEBUG=1",
					"$(inherited)",
				);
				GCC_WARN_64_TO_32_BIT_CONVERSION = YES;
				GCC_WARN_ABOUT_RETURN_TYPE = YES_ERROR;
				GCC_WARN_UNDECLARED_SELECTOR = YES;
				GCC_WARN_UNINITIALIZED_AUTOS = YES_AGGRESSIVE;
				GCC_WARN_UNUSED_FUNCTION = YES;
				GCC_WARN_UNUSED_VARIABLE = YES;
				IPHONEOS_DEPLOYMENT_TARGET = 12.1;
				MTL_ENABLE_DEBUG_INFO = INCLUDE_SOURCE;
				MTL_FAST_MATH = YES;
				ONLY_ACTIVE_ARCH = YES;
				SDKROOT = iphoneos;
				SWIFT_ACTIVE_COMPILATION_CONDITIONS = DEBUG;
				SWIFT_OPTIMIZATION_LEVEL = "-Onone";
			};
			name = Debug;
		};
		5BEDF6CC229CC36600DB2AF0 /* Release */ = {
			isa = XCBuildConfiguration;
			buildSettings = {
				ALWAYS_SEARCH_USER_PATHS = NO;
				CLANG_ANALYZER_NONNULL = YES;
				CLANG_ANALYZER_NUMBER_OBJECT_CONVERSION = YES_AGGRESSIVE;
				CLANG_CXX_LANGUAGE_STANDARD = "gnu++14";
				CLANG_CXX_LIBRARY = "libc++";
				CLANG_ENABLE_MODULES = YES;
				CLANG_ENABLE_OBJC_ARC = YES;
				CLANG_ENABLE_OBJC_WEAK = YES;
				CLANG_WARN_BLOCK_CAPTURE_AUTORELEASING = YES;
				CLANG_WARN_BOOL_CONVERSION = YES;
				CLANG_WARN_COMMA = YES;
				CLANG_WARN_CONSTANT_CONVERSION = YES;
				CLANG_WARN_DEPRECATED_OBJC_IMPLEMENTATIONS = YES;
				CLANG_WARN_DIRECT_OBJC_ISA_USAGE = YES_ERROR;
				CLANG_WARN_DOCUMENTATION_COMMENTS = YES;
				CLANG_WARN_EMPTY_BODY = YES;
				CLANG_WARN_ENUM_CONVERSION = YES;
				CLANG_WARN_INFINITE_RECURSION = YES;
				CLANG_WARN_INT_CONVERSION = YES;
				CLANG_WARN_NON_LITERAL_NULL_CONVERSION = YES;
				CLANG_WARN_OBJC_IMPLICIT_RETAIN_SELF = YES;
				CLANG_WARN_OBJC_LITERAL_CONVERSION = YES;
				CLANG_WARN_OBJC_ROOT_CLASS = YES_ERROR;
				CLANG_WARN_RANGE_LOOP_ANALYSIS = YES;
				CLANG_WARN_STRICT_PROTOTYPES = YES;
				CLANG_WARN_SUSPICIOUS_MOVE = YES;
				CLANG_WARN_UNGUARDED_AVAILABILITY = YES_AGGRESSIVE;
				CLANG_WARN_UNREACHABLE_CODE = YES;
				CLANG_WARN__DUPLICATE_METHOD_MATCH = YES;
				CODE_SIGN_IDENTITY = "iPhone Developer";
				COPY_PHASE_STRIP = NO;
				DEBUG_INFORMATION_FORMAT = "dwarf-with-dsym";
				ENABLE_NS_ASSERTIONS = NO;
				ENABLE_STRICT_OBJC_MSGSEND = YES;
				GCC_C_LANGUAGE_STANDARD = gnu11;
				GCC_NO_COMMON_BLOCKS = YES;
				GCC_WARN_64_TO_32_BIT_CONVERSION = YES;
				GCC_WARN_ABOUT_RETURN_TYPE = YES_ERROR;
				GCC_WARN_UNDECLARED_SELECTOR = YES;
				GCC_WARN_UNINITIALIZED_AUTOS = YES_AGGRESSIVE;
				GCC_WARN_UNUSED_FUNCTION = YES;
				GCC_WARN_UNUSED_VARIABLE = YES;
				IPHONEOS_DEPLOYMENT_TARGET = 12.1;
				MTL_ENABLE_DEBUG_INFO = NO;
				MTL_FAST_MATH = YES;
				SDKROOT = iphoneos;
				SWIFT_COMPILATION_MODE = wholemodule;
				SWIFT_OPTIMIZATION_LEVEL = "-O";
				VALIDATE_PRODUCT = YES;
			};
			name = Release;
		};
		5BEDF6CE229CC36600DB2AF0 /* Debug */ = {
			isa = XCBuildConfiguration;
			buildSettings = {
				ASSETCATALOG_COMPILER_APPICON_NAME = AppIcon;
				CODE_SIGN_STYLE = Automatic;
				DEVELOPMENT_TEAM = 86J45LDZ7X;
				INFOPLIST_FILE = "Integration Rules/Info.plist";
				LD_RUNPATH_SEARCH_PATHS = (
					"$(inherited)",
					"@executable_path/Frameworks",
				);
				PRODUCT_BUNDLE_IDENTIFIER = "ra.Integration-Rules";
				PRODUCT_NAME = "$(TARGET_NAME)";
				SWIFT_VERSION = 4.2;
				TARGETED_DEVICE_FAMILY = "1,2";
			};
			name = Debug;
		};
		5BEDF6CF229CC36600DB2AF0 /* Release */ = {
			isa = XCBuildConfiguration;
			buildSettings = {
				ASSETCATALOG_COMPILER_APPICON_NAME = AppIcon;
				CODE_SIGN_STYLE = Automatic;
				DEVELOPMENT_TEAM = 86J45LDZ7X;
				INFOPLIST_FILE = "Integration Rules/Info.plist";
				LD_RUNPATH_SEARCH_PATHS = (
					"$(inherited)",
					"@executable_path/Frameworks",
				);
				PRODUCT_BUNDLE_IDENTIFIER = "ra.Integration-Rules";
				PRODUCT_NAME = "$(TARGET_NAME)";
				SWIFT_VERSION = 4.2;
				TARGETED_DEVICE_FAMILY = "1,2";
			};
			name = Release;
		};
		5BEDF6D1229CC36600DB2AF0 /* Debug */ = {
			isa = XCBuildConfiguration;
			buildSettings = {
				ALWAYS_EMBED_SWIFT_STANDARD_LIBRARIES = YES;
				BUNDLE_LOADER = "$(TEST_HOST)";
				CODE_SIGN_STYLE = Automatic;
				DEVELOPMENT_TEAM = 86J45LDZ7X;
				INFOPLIST_FILE = "Integration RulesTests/Info.plist";
				LD_RUNPATH_SEARCH_PATHS = (
					"$(inherited)",
					"@executable_path/Frameworks",
					"@loader_path/Frameworks",
				);
				PRODUCT_BUNDLE_IDENTIFIER = "ra.Integration-RulesTests";
				PRODUCT_NAME = "$(TARGET_NAME)";
				SWIFT_VERSION = 4.2;
				TARGETED_DEVICE_FAMILY = "1,2";
				TEST_HOST = "$(BUILT_PRODUCTS_DIR)/Integration Rules.app/Integration Rules";
			};
			name = Debug;
		};
		5BEDF6D2229CC36600DB2AF0 /* Release */ = {
			isa = XCBuildConfiguration;
			buildSettings = {
				ALWAYS_EMBED_SWIFT_STANDARD_LIBRARIES = YES;
				BUNDLE_LOADER = "$(TEST_HOST)";
				CODE_SIGN_STYLE = Automatic;
				DEVELOPMENT_TEAM = 86J45LDZ7X;
				INFOPLIST_FILE = "Integration RulesTests/Info.plist";
				LD_RUNPATH_SEARCH_PATHS = (
					"$(inherited)",
					"@executable_path/Frameworks",
					"@loader_path/Frameworks",
				);
				PRODUCT_BUNDLE_IDENTIFIER = "ra.Integration-RulesTests";
				PRODUCT_NAME = "$(TARGET_NAME)";
				SWIFT_VERSION = 4.2;
				TARGETED_DEVICE_FAMILY = "1,2";
				TEST_HOST = "$(BUILT_PRODUCTS_DIR)/Integration Rules.app/Integration Rules";
			};
			name = Release;
		};
		5BEDF6D4229CC36600DB2AF0 /* Debug */ = {
			isa = XCBuildConfiguration;
			buildSettings = {
				ALWAYS_EMBED_SWIFT_STANDARD_LIBRARIES = YES;
				CODE_SIGN_STYLE = Automatic;
				DEVELOPMENT_TEAM = 86J45LDZ7X;
				INFOPLIST_FILE = "Integration RulesUITests/Info.plist";
				LD_RUNPATH_SEARCH_PATHS = (
					"$(inherited)",
					"@executable_path/Frameworks",
					"@loader_path/Frameworks",
				);
				PRODUCT_BUNDLE_IDENTIFIER = "ra.Integration-RulesUITests";
				PRODUCT_NAME = "$(TARGET_NAME)";
				SWIFT_VERSION = 4.2;
				TARGETED_DEVICE_FAMILY = "1,2";
				TEST_TARGET_NAME = "Integration Rules";
			};
			name = Debug;
		};
		5BEDF6D5229CC36600DB2AF0 /* Release */ = {
			isa = XCBuildConfiguration;
			buildSettings = {
				ALWAYS_EMBED_SWIFT_STANDARD_LIBRARIES = YES;
				CODE_SIGN_STYLE = Automatic;
				DEVELOPMENT_TEAM = 86J45LDZ7X;
				INFOPLIST_FILE = "Integration RulesUITests/Info.plist";
				LD_RUNPATH_SEARCH_PATHS = (
					"$(inherited)",
					"@executable_path/Frameworks",
					"@loader_path/Frameworks",
				);
				PRODUCT_BUNDLE_IDENTIFIER = "ra.Integration-RulesUITests";
				PRODUCT_NAME = "$(TARGET_NAME)";
				SWIFT_VERSION = 4.2;
				TARGETED_DEVICE_FAMILY = "1,2";
				TEST_TARGET_NAME = "Integration Rules";
			};
			name = Release;
		};
/* End XCBuildConfiguration section */

/* Begin XCConfigurationList section */
		5BEDF6A0229CC36200DB2AF0 /* Build configuration list for PBXProject "Integration Rules" */ = {
			isa = XCConfigurationList;
			buildConfigurations = (
				5BEDF6CB229CC36600DB2AF0 /* Debug */,
				5BEDF6CC229CC36600DB2AF0 /* Release */,
			);
			defaultConfigurationIsVisible = 0;
			defaultConfigurationName = Release;
		};
		5BEDF6CD229CC36600DB2AF0 /* Build configuration list for PBXNativeTarget "Integration Rules" */ = {
			isa = XCConfigurationList;
			buildConfigurations = (
				5BEDF6CE229CC36600DB2AF0 /* Debug */,
				5BEDF6CF229CC36600DB2AF0 /* Release */,
			);
			defaultConfigurationIsVisible = 0;
			defaultConfigurationName = Release;
		};
		5BEDF6D0229CC36600DB2AF0 /* Build configuration list for PBXNativeTarget "Integration RulesTests" */ = {
			isa = XCConfigurationList;
			buildConfigurations = (
				5BEDF6D1229CC36600DB2AF0 /* Debug */,
				5BEDF6D2229CC36600DB2AF0 /* Release */,
			);
			defaultConfigurationIsVisible = 0;
			defaultConfigurationName = Release;
		};
		5BEDF6D3229CC36600DB2AF0 /* Build configuration list for PBXNativeTarget "Integration RulesUITests" */ = {
			isa = XCConfigurationList;
			buildConfigurations = (
				5BEDF6D4229CC36600DB2AF0 /* Debug */,
				5BEDF6D5229CC36600DB2AF0 /* Release */,
			);
			defaultConfigurationIsVisible = 0;
			defaultConfigurationName = Release;
		};
/* End XCConfigurationList section */
	};
	rootObject = 5BEDF69D229CC36200DB2AF0 /* Project object */;
}
